// !$*UTF8*$!
{
	archiveVersion = 1;
	classes = {
	};
	objectVersion = 46;
	objects = {

/* Begin PBXBuildFile section */
		86687F641CF4F78700BD1042 /* AppDelegate.swift in Sources */ = {isa = PBXBuildFile; fileRef = 86687F631CF4F78700BD1042 /* AppDelegate.swift */; };
		86687F661CF4F78700BD1042 /* ViewController.swift in Sources */ = {isa = PBXBuildFile; fileRef = 86687F651CF4F78700BD1042 /* ViewController.swift */; };
		86687F691CF4F78700BD1042 /* Main.storyboard in Resources */ = {isa = PBXBuildFile; fileRef = 86687F671CF4F78700BD1042 /* Main.storyboard */; };
		86687F6B1CF4F78700BD1042 /* Assets.xcassets in Resources */ = {isa = PBXBuildFile; fileRef = 86687F6A1CF4F78700BD1042 /* Assets.xcassets */; };
		86687F6E1CF4F78700BD1042 /* LaunchScreen.storyboard in Resources */ = {isa = PBXBuildFile; fileRef = 86687F6C1CF4F78700BD1042 /* LaunchScreen.storyboard */; };
		86687F791CF4F78700BD1042 /* ConnascenceTests.swift in Sources */ = {isa = PBXBuildFile; fileRef = 86687F781CF4F78700BD1042 /* ConnascenceTests.swift */; };
		86687F851CF4F8A500BD1042 /* Converter.swift in Sources */ = {isa = PBXBuildFile; fileRef = 86687F841CF4F8A500BD1042 /* Converter.swift */; };
		86687F871CF4F95600BD1042 /* Item.swift in Sources */ = {isa = PBXBuildFile; fileRef = 86687F861CF4F95600BD1042 /* Item.swift */; };
		86687F891CF4FAAB00BD1042 /* Merchant.swift in Sources */ = {isa = PBXBuildFile; fileRef = 86687F881CF4FAAB00BD1042 /* Merchant.swift */; };
		86687F8B1CF4FAD200BD1042 /* User.swift in Sources */ = {isa = PBXBuildFile; fileRef = 86687F8A1CF4FAD200BD1042 /* User.swift */; };
		86687F8D1CF4FB5000BD1042 /* PaymentSystem.swift in Sources */ = {isa = PBXBuildFile; fileRef = 86687F8C1CF4FB5000BD1042 /* PaymentSystem.swift */; };
/* End PBXBuildFile section */

/* Begin PBXContainerItemProxy section */
		86687F751CF4F78700BD1042 /* PBXContainerItemProxy */ = {
			isa = PBXContainerItemProxy;
			containerPortal = 86687F581CF4F78700BD1042 /* Project object */;
			proxyType = 1;
			remoteGlobalIDString = 86687F5F1CF4F78700BD1042;
			remoteInfo = Connascence;
		};
/* End PBXContainerItemProxy section */

/* Begin PBXFileReference section */
		86687F601CF4F78700BD1042 /* Connascence.app */ = {isa = PBXFileReference; explicitFileType = wrapper.application; includeInIndex = 0; path = Connascence.app; sourceTree = BUILT_PRODUCTS_DIR; };
		86687F631CF4F78700BD1042 /* AppDelegate.swift */ = {isa = PBXFileReference; lastKnownFileType = sourcecode.swift; path = AppDelegate.swift; sourceTree = "<group>"; };
		86687F651CF4F78700BD1042 /* ViewController.swift */ = {isa = PBXFileReference; lastKnownFileType = sourcecode.swift; path = ViewController.swift; sourceTree = "<group>"; };
		86687F681CF4F78700BD1042 /* Base */ = {isa = PBXFileReference; lastKnownFileType = file.storyboard; name = Base; path = Base.lproj/Main.storyboard; sourceTree = "<group>"; };
		86687F6A1CF4F78700BD1042 /* Assets.xcassets */ = {isa = PBXFileReference; lastKnownFileType = folder.assetcatalog; path = Assets.xcassets; sourceTree = "<group>"; };
		86687F6D1CF4F78700BD1042 /* Base */ = {isa = PBXFileReference; lastKnownFileType = file.storyboard; name = Base; path = Base.lproj/LaunchScreen.storyboard; sourceTree = "<group>"; };
		86687F6F1CF4F78700BD1042 /* Info.plist */ = {isa = PBXFileReference; lastKnownFileType = text.plist.xml; path = Info.plist; sourceTree = "<group>"; };
		86687F741CF4F78700BD1042 /* ConnascenceTests.xctest */ = {isa = PBXFileReference; explicitFileType = wrapper.cfbundle; includeInIndex = 0; path = ConnascenceTests.xctest; sourceTree = BUILT_PRODUCTS_DIR; };
		86687F781CF4F78700BD1042 /* ConnascenceTests.swift */ = {isa = PBXFileReference; lastKnownFileType = sourcecode.swift; path = ConnascenceTests.swift; sourceTree = "<group>"; };
		86687F7A1CF4F78700BD1042 /* Info.plist */ = {isa = PBXFileReference; lastKnownFileType = text.plist.xml; path = Info.plist; sourceTree = "<group>"; };
		86687F841CF4F8A500BD1042 /* Converter.swift */ = {isa = PBXFileReference; fileEncoding = 4; lastKnownFileType = sourcecode.swift; path = Converter.swift; sourceTree = "<group>"; };
		86687F861CF4F95600BD1042 /* Item.swift */ = {isa = PBXFileReference; fileEncoding = 4; lastKnownFileType = sourcecode.swift; path = Item.swift; sourceTree = "<group>"; };
		86687F881CF4FAAB00BD1042 /* Merchant.swift */ = {isa = PBXFileReference; fileEncoding = 4; lastKnownFileType = sourcecode.swift; path = Merchant.swift; sourceTree = "<group>"; };
		86687F8A1CF4FAD200BD1042 /* User.swift */ = {isa = PBXFileReference; fileEncoding = 4; lastKnownFileType = sourcecode.swift; path = User.swift; sourceTree = "<group>"; };
		86687F8C1CF4FB5000BD1042 /* PaymentSystem.swift */ = {isa = PBXFileReference; fileEncoding = 4; lastKnownFileType = sourcecode.swift; path = PaymentSystem.swift; sourceTree = "<group>"; };
/* End PBXFileReference section */

/* Begin PBXFrameworksBuildPhase section */
		86687F5D1CF4F78700BD1042 /* Frameworks */ = {
			isa = PBXFrameworksBuildPhase;
			buildActionMask = 2147483647;
			files = (
			);
			runOnlyForDeploymentPostprocessing = 0;
		};
		86687F711CF4F78700BD1042 /* Frameworks */ = {
			isa = PBXFrameworksBuildPhase;
			buildActionMask = 2147483647;
			files = (
			);
			runOnlyForDeploymentPostprocessing = 0;
		};
/* End PBXFrameworksBuildPhase section */

/* Begin PBXGroup section */
		86687F571CF4F78700BD1042 = {
			isa = PBXGroup;
			children = (
				86687F621CF4F78700BD1042 /* Connascence */,
				86687F771CF4F78700BD1042 /* ConnascenceTests */,
				86687F611CF4F78700BD1042 /* Products */,
			);
			sourceTree = "<group>";
		};
		86687F611CF4F78700BD1042 /* Products */ = {
			isa = PBXGroup;
			children = (
				86687F601CF4F78700BD1042 /* Connascence.app */,
				86687F741CF4F78700BD1042 /* ConnascenceTests.xctest */,
			);
			name = Products;
			sourceTree = "<group>";
		};
		86687F621CF4F78700BD1042 /* Connascence */ = {
			isa = PBXGroup;
			children = (
				86687F831CF4F88500BD1042 /* Guff */,
				86687F6A1CF4F78700BD1042 /* Assets.xcassets */,
				86687F6F1CF4F78700BD1042 /* Info.plist */,
				86687F841CF4F8A500BD1042 /* Converter.swift */,
				86687F861CF4F95600BD1042 /* Item.swift */,
				86687F881CF4FAAB00BD1042 /* Merchant.swift */,
				86687F8A1CF4FAD200BD1042 /* User.swift */,
				86687F8C1CF4FB5000BD1042 /* PaymentSystem.swift */,
			);
			path = Connascence;
			sourceTree = "<group>";
		};
		86687F771CF4F78700BD1042 /* ConnascenceTests */ = {
			isa = PBXGroup;
			children = (
				86687F781CF4F78700BD1042 /* ConnascenceTests.swift */,
				86687F7A1CF4F78700BD1042 /* Info.plist */,
			);
			path = ConnascenceTests;
			sourceTree = "<group>";
		};
		86687F831CF4F88500BD1042 /* Guff */ = {
			isa = PBXGroup;
			children = (
				86687F631CF4F78700BD1042 /* AppDelegate.swift */,
				86687F651CF4F78700BD1042 /* ViewController.swift */,
				86687F671CF4F78700BD1042 /* Main.storyboard */,
				86687F6C1CF4F78700BD1042 /* LaunchScreen.storyboard */,
			);
			name = Guff;
			sourceTree = "<group>";
		};
/* End PBXGroup section */

/* Begin PBXNativeTarget section */
		86687F5F1CF4F78700BD1042 /* Connascence */ = {
			isa = PBXNativeTarget;
			buildConfigurationList = 86687F7D1CF4F78700BD1042 /* Build configuration list for PBXNativeTarget "Connascence" */;
			buildPhases = (
				86687F5C1CF4F78700BD1042 /* Sources */,
				86687F5D1CF4F78700BD1042 /* Frameworks */,
				86687F5E1CF4F78700BD1042 /* Resources */,
			);
			buildRules = (
			);
			dependencies = (
			);
			name = Connascence;
			productName = Connascence;
			productReference = 86687F601CF4F78700BD1042 /* Connascence.app */;
			productType = "com.apple.product-type.application";
		};
		86687F731CF4F78700BD1042 /* ConnascenceTests */ = {
			isa = PBXNativeTarget;
			buildConfigurationList = 86687F801CF4F78700BD1042 /* Build configuration list for PBXNativeTarget "ConnascenceTests" */;
			buildPhases = (
				86687F701CF4F78700BD1042 /* Sources */,
				86687F711CF4F78700BD1042 /* Frameworks */,
				86687F721CF4F78700BD1042 /* Resources */,
			);
			buildRules = (
			);
			dependencies = (
				86687F761CF4F78700BD1042 /* PBXTargetDependency */,
			);
			name = ConnascenceTests;
			productName = ConnascenceTests;
			productReference = 86687F741CF4F78700BD1042 /* ConnascenceTests.xctest */;
			productType = "com.apple.product-type.bundle.unit-test";
		};
/* End PBXNativeTarget section */

/* Begin PBXProject section */
		86687F581CF4F78700BD1042 /* Project object */ = {
			isa = PBXProject;
			attributes = {
				LastSwiftUpdateCheck = 0730;
				LastUpgradeCheck = 0730;
				ORGANIZATIONNAME = "Alexander Curran";
				TargetAttributes = {
					86687F5F1CF4F78700BD1042 = {
						CreatedOnToolsVersion = 7.3.1;
					};
					86687F731CF4F78700BD1042 = {
						CreatedOnToolsVersion = 7.3.1;
						TestTargetID = 86687F5F1CF4F78700BD1042;
					};
				};
			};
			buildConfigurationList = 86687F5B1CF4F78700BD1042 /* Build configuration list for PBXProject "Connascence" */;
			compatibilityVersion = "Xcode 3.2";
			developmentRegion = English;
			hasScannedForEncodings = 0;
			knownRegions = (
				en,
				Base,
			);
			mainGroup = 86687F571CF4F78700BD1042;
			productRefGroup = 86687F611CF4F78700BD1042 /* Products */;
			projectDirPath = "";
			projectRoot = "";
			targets = (
				86687F5F1CF4F78700BD1042 /* Connascence */,
				86687F731CF4F78700BD1042 /* ConnascenceTests */,
			);
		};
/* End PBXProject section */

/* Begin PBXResourcesBuildPhase section */
		86687F5E1CF4F78700BD1042 /* Resources */ = {
			isa = PBXResourcesBuildPhase;
			buildActionMask = 2147483647;
			files = (
				86687F6E1CF4F78700BD1042 /* LaunchScreen.storyboard in Resources */,
				86687F6B1CF4F78700BD1042 /* Assets.xcassets in Resources */,
				86687F691CF4F78700BD1042 /* Main.storyboard in Resources */,
			);
			runOnlyForDeploymentPostprocessing = 0;
		};
		86687F721CF4F78700BD1042 /* Resources */ = {
			isa = PBXResourcesBuildPhase;
			buildActionMask = 2147483647;
			files = (
			);
			runOnlyForDeploymentPostprocessing = 0;
		};
/* End PBXResourcesBuildPhase section */

/* Begin PBXSourcesBuildPhase section */
		86687F5C1CF4F78700BD1042 /* Sources */ = {
			isa = PBXSourcesBuildPhase;
			buildActionMask = 2147483647;
			files = (
				86687F871CF4F95600BD1042 /* Item.swift in Sources */,
				86687F8D1CF4FB5000BD1042 /* PaymentSystem.swift in Sources */,
				86687F661CF4F78700BD1042 /* ViewController.swift in Sources */,
				86687F8B1CF4FAD200BD1042 /* User.swift in Sources */,
				86687F851CF4F8A500BD1042 /* Converter.swift in Sources */,
				86687F641CF4F78700BD1042 /* AppDelegate.swift in Sources */,
				86687F891CF4FAAB00BD1042 /* Merchant.swift in Sources */,
			);
			runOnlyForDeploymentPostprocessing = 0;
		};
		86687F701CF4F78700BD1042 /* Sources */ = {
			isa = PBXSourcesBuildPhase;
			buildActionMask = 2147483647;
			files = (
				86687F791CF4F78700BD1042 /* ConnascenceTests.swift in Sources */,
			);
			runOnlyForDeploymentPostprocessing = 0;
		};
/* End PBXSourcesBuildPhase section */

/* Begin PBXTargetDependency section */
		86687F761CF4F78700BD1042 /* PBXTargetDependency */ = {
			isa = PBXTargetDependency;
			target = 86687F5F1CF4F78700BD1042 /* Connascence */;
			targetProxy = 86687F751CF4F78700BD1042 /* PBXContainerItemProxy */;
		};
/* End PBXTargetDependency section */

/* Begin PBXVariantGroup section */
		86687F671CF4F78700BD1042 /* Main.storyboard */ = {
			isa = PBXVariantGroup;
			children = (
				86687F681CF4F78700BD1042 /* Base */,
			);
			name = Main.storyboard;
			sourceTree = "<group>";
		};
		86687F6C1CF4F78700BD1042 /* LaunchScreen.storyboard */ = {
			isa = PBXVariantGroup;
			children = (
				86687F6D1CF4F78700BD1042 /* Base */,
			);
			name = LaunchScreen.storyboard;
			sourceTree = "<group>";
		};
/* End PBXVariantGroup section */

/* Begin XCBuildConfiguration section */
		86687F7B1CF4F78700BD1042 /* Debug */ = {
			isa = XCBuildConfiguration;
			buildSettings = {
				ALWAYS_SEARCH_USER_PATHS = NO;
				CLANG_ANALYZER_NONNULL = YES;
				CLANG_CXX_LANGUAGE_STANDARD = "gnu++0x";
				CLANG_CXX_LIBRARY = "libc++";
				CLANG_ENABLE_MODULES = YES;
				CLANG_ENABLE_OBJC_ARC = YES;
				CLANG_WARN_BOOL_CONVERSION = YES;
				CLANG_WARN_CONSTANT_CONVERSION = YES;
				CLANG_WARN_DIRECT_OBJC_ISA_USAGE = YES_ERROR;
				CLANG_WARN_EMPTY_BODY = YES;
				CLANG_WARN_ENUM_CONVERSION = YES;
				CLANG_WARN_INT_CONVERSION = YES;
				CLANG_WARN_OBJC_ROOT_CLASS = YES_ERROR;
				CLANG_WARN_UNREACHABLE_CODE = YES;
				CLANG_WARN__DUPLICATE_METHOD_MATCH = YES;
				"CODE_SIGN_IDENTITY[sdk=iphoneos*]" = "iPhone Developer";
				COPY_PHASE_STRIP = NO;
				DEBUG_INFORMATION_FORMAT = dwarf;
				ENABLE_STRICT_OBJC_MSGSEND = YES;
				ENABLE_TESTABILITY = YES;
				GCC_C_LANGUAGE_STANDARD = gnu99;
				GCC_DYNAMIC_NO_PIC = NO;
				GCC_NO_COMMON_BLOCKS = YES;
				GCC_OPTIMIZATION_LEVEL = 0;
				GCC_PREPROCESSOR_DEFINITIONS = (
					"DEBUG=1",
					"$(inherited)",
				);
				GCC_WARN_64_TO_32_BIT_CONVERSION = YES;
				GCC_WARN_ABOUT_RETURN_TYPE = YES_ERROR;
				GCC_WARN_UNDECLARED_SELECTOR = YES;
				GCC_WARN_UNINITIALIZED_AUTOS = YES_AGGRESSIVE;
				GCC_WARN_UNUSED_FUNCTION = YES;
				GCC_WARN_UNUSED_VARIABLE = YES;
				IPHONEOS_DEPLOYMENT_TARGET = 9.3;
				MTL_ENABLE_DEBUG_INFO = YES;
				ONLY_ACTIVE_ARCH = YES;
				SDKROOT = iphoneos;
				SWIFT_OPTIMIZATION_LEVEL = "-Onone";
				TARGETED_DEVICE_FAMILY = "1,2";
			};
			name = Debug;
		};
		86687F7C1CF4F78700BD1042 /* Release */ = {
			isa = XCBuildConfiguration;
			buildSettings = {
				ALWAYS_SEARCH_USER_PATHS = NO;
				CLANG_ANALYZER_NONNULL = YES;
				CLANG_CXX_LANGUAGE_STANDARD = "gnu++0x";
				CLANG_CXX_LIBRARY = "libc++";
				CLANG_ENABLE_MODULES = YES;
				CLANG_ENABLE_OBJC_ARC = YES;
				CLANG_WARN_BOOL_CONVERSION = YES;
				CLANG_WARN_CONSTANT_CONVERSION = YES;
				CLANG_WARN_DIRECT_OBJC_ISA_USAGE = YES_ERROR;
				CLANG_WARN_EMPTY_BODY = YES;
				CLANG_WARN_ENUM_CONVERSION = YES;
				CLANG_WARN_INT_CONVERSION = YES;
				CLANG_WARN_OBJC_ROOT_CLASS = YES_ERROR;
				CLANG_WARN_UNREACHABLE_CODE = YES;
				CLANG_WARN__DUPLICATE_METHOD_MATCH = YES;
				"CODE_SIGN_IDENTITY[sdk=iphoneos*]" = "iPhone Developer";
				COPY_PHASE_STRIP = NO;
				DEBUG_INFORMATION_FORMAT = "dwarf-with-dsym";
				ENABLE_NS_ASSERTIONS = NO;
				ENABLE_STRICT_OBJC_MSGSEND = YES;
				GCC_C_LANGUAGE_STANDARD = gnu99;
				GCC_NO_COMMON_BLOCKS = YES;
				GCC_WARN_64_TO_32_BIT_CONVERSION = YES;
				GCC_WARN_ABOUT_RETURN_TYPE = YES_ERROR;
				GCC_WARN_UNDECLARED_SELECTOR = YES;
				GCC_WARN_UNINITIALIZED_AUTOS = YES_AGGRESSIVE;
				GCC_WARN_UNUSED_FUNCTION = YES;
				GCC_WARN_UNUSED_VARIABLE = YES;
				IPHONEOS_DEPLOYMENT_TARGET = 9.3;
				MTL_ENABLE_DEBUG_INFO = NO;
				SDKROOT = iphoneos;
				TARGETED_DEVICE_FAMILY = "1,2";
				VALIDATE_PRODUCT = YES;
			};
			name = Release;
		};
		86687F7E1CF4F78700BD1042 /* Debug */ = {
			isa = XCBuildConfiguration;
			buildSettings = {
				ASSETCATALOG_COMPILER_APPICON_NAME = AppIcon;
				INFOPLIST_FILE = Connascence/Info.plist;
				LD_RUNPATH_SEARCH_PATHS = "$(inherited) @executable_path/Frameworks";
				PRODUCT_BUNDLE_IDENTIFIER = uk.co.amlcurran.Connascence;
				PRODUCT_NAME = "$(TARGET_NAME)";
			};
			name = Debug;
		};
		86687F7F1CF4F78700BD1042 /* Release */ = {
			isa = XCBuildConfiguration;
			buildSettings = {
				ASSETCATALOG_COMPILER_APPICON_NAME = AppIcon;
				INFOPLIST_FILE = Connascence/Info.plist;
				LD_RUNPATH_SEARCH_PATHS = "$(inherited) @executable_path/Frameworks";
				PRODUCT_BUNDLE_IDENTIFIER = uk.co.amlcurran.Connascence;
				PRODUCT_NAME = "$(TARGET_NAME)";
			};
			name = Release;
		};
		86687F811CF4F78700BD1042 /* Debug */ = {
			isa = XCBuildConfiguration;
			buildSettings = {
				BUNDLE_LOADER = "$(TEST_HOST)";
				INFOPLIST_FILE = ConnascenceTests/Info.plist;
				LD_RUNPATH_SEARCH_PATHS = "$(inherited) @executable_path/Frameworks @loader_path/Frameworks";
				PRODUCT_BUNDLE_IDENTIFIER = uk.co.amlcurran.ConnascenceTests;
				PRODUCT_NAME = "$(TARGET_NAME)";
				TEST_HOST = "$(BUILT_PRODUCTS_DIR)/Connascence.app/Connascence";
			};
			name = Debug;
		};
		86687F821CF4F78700BD1042 /* Release */ = {
			isa = XCBuildConfiguration;
			buildSettings = {
				BUNDLE_LOADER = "$(TEST_HOST)";
				INFOPLIST_FILE = ConnascenceTests/Info.plist;
				LD_RUNPATH_SEARCH_PATHS = "$(inherited) @executable_path/Frameworks @loader_path/Frameworks";
				PRODUCT_BUNDLE_IDENTIFIER = uk.co.amlcurran.ConnascenceTests;
				PRODUCT_NAME = "$(TARGET_NAME)";
				TEST_HOST = "$(BUILT_PRODUCTS_DIR)/Connascence.app/Connascence";
			};
			name = Release;
		};
/* End XCBuildConfiguration section */

/* Begin XCConfigurationList section */
		86687F5B1CF4F78700BD1042 /* Build configuration list for PBXProject "Connascence" */ = {
			isa = XCConfigurationList;
			buildConfigurations = (
				86687F7B1CF4F78700BD1042 /* Debug */,
				86687F7C1CF4F78700BD1042 /* Release */,
			);
			defaultConfigurationIsVisible = 0;
			defaultConfigurationName = Release;
		};
		86687F7D1CF4F78700BD1042 /* Build configuration list for PBXNativeTarget "Connascence" */ = {
			isa = XCConfigurationList;
			buildConfigurations = (
				86687F7E1CF4F78700BD1042 /* Debug */,
				86687F7F1CF4F78700BD1042 /* Release */,
			);
			defaultConfigurationIsVisible = 0;
		};
		86687F801CF4F78700BD1042 /* Build configuration list for PBXNativeTarget "ConnascenceTests" */ = {
			isa = XCConfigurationList;
			buildConfigurations = (
				86687F811CF4F78700BD1042 /* Debug */,
				86687F821CF4F78700BD1042 /* Release */,
			);
			defaultConfigurationIsVisible = 0;
		};
/* End XCConfigurationList section */
	};
	rootObject = 86687F581CF4F78700BD1042 /* Project object */;
}
